
Microsoft Visual Studio Solution File, Format Version 12.00
# Visual Studio Version 17
VisualStudioVersion = 17.13.35723.152
MinimumVisualStudioVersion = 10.0.40219.1
Project("{FAE04EC0-301F-11D3-BF4B-00C04F79EFBC}") = "PeliculasAPI", "PeliculasAPI\PeliculasAPI.csproj", "{087D6E15-458A-42AA-A6ED-E8C25629FBAB}"
EndProject
Project("{FAE04EC0-301F-11D3-BF4B-00C04F79EFBC}") = "PeliculasAPIPruebas", "PeliculasAPIPruebas\PeliculasAPIPruebas.csproj", "{3B8FAC08-3F9D-4706-A6F8-E182C88124F9}"
EndProject
Global
	GlobalSection(SolutionConfigurationPlatforms) = preSolution
		Debug|Any CPU = Debug|Any CPU
		Release|Any CPU = Release|Any CPU
	EndGlobalSection
	GlobalSection(ProjectConfigurationPlatforms) = postSolution
		{087D6E15-458A-42AA-A6ED-E8C25629FBAB}.Debug|Any CPU.ActiveCfg = Debug|Any CPU
		{087D6E15-458A-42AA-A6ED-E8C25629FBAB}.Debug|Any CPU.Build.0 = Debug|Any CPU
		{087D6E15-458A-42AA-A6ED-E8C25629FBAB}.Release|Any CPU.ActiveCfg = Release|Any CPU
		{087D6E15-458A-42AA-A6ED-E8C25629FBAB}.Release|Any CPU.Build.0 = Release|Any CPU
		{3B8FAC08-3F9D-4706-A6F8-E182C88124F9}.Debug|Any CPU.ActiveCfg = Debug|Any CPU
		{3B8FAC08-3F9D-4706-A6F8-E182C88124F9}.Debug|Any CPU.Build.0 = Debug|Any CPU
		{3B8FAC08-3F9D-4706-A6F8-E182C88124F9}.Release|Any CPU.ActiveCfg = Release|Any CPU
		{3B8FAC08-3F9D-4706-A6F8-E182C88124F9}.Release|Any CPU.Build.0 = Release|Any CPU
	EndGlobalSection
	GlobalSection(SolutionProperties) = preSolution
		HideSolutionNode = FALSE
	EndGlobalSection
	GlobalSection(ExtensibilityGlobals) = postSolution
		SolutionGuid = {DC577EAA-17C3-43DD-A29D-805D31FD3525}
	EndGlobalSection
EndGlobal
